
Microsoft Visual Studio Solution File, Format Version 12.00
# Visual Studio 14
VisualStudioVersion = 14.0.25123.0
MinimumVisualStudioVersion = 10.0.40219.1
Project("{8BC9CEB8-8B4A-11D0-8D11-00A0C91BC942}") = "Kernel", "Hypervisor\Hypervisor.vcxproj", "{48AA4FF5-A2B0-4EF7-A6E1-5444EF8D05C8}"
EndProject
Project("{8BC9CEB8-8B4A-11D0-8D11-00A0C91BC942}") = "Lib", "Project1\Project1.vcxproj", "{85805EAE-88ED-422A-98D6-B6961E3F030A}"
EndProject
Global
	GlobalSection(SolutionConfigurationPlatforms) = preSolution
		Debug|x64 = Debug|x64
		Debug|x86 = Debug|x86
		Release|x64 = Release|x64
		Release|x86 = Release|x86
	EndGlobalSection
	GlobalSection(ProjectConfigurationPlatforms) = postSolution
		{48AA4FF5-A2B0-4EF7-A6E1-5444EF8D05C8}.Debug|x64.ActiveCfg = Debug|x64
		{48AA4FF5-A2B0-4EF7-A6E1-5444EF8D05C8}.Debug|x64.Build.0 = Debug|x64
		{48AA4FF5-A2B0-4EF7-A6E1-5444EF8D05C8}.Debug|x86.ActiveCfg = Debug|Win32
		{48AA4FF5-A2B0-4EF7-A6E1-5444EF8D05C8}.Debug|x86.Build.0 = Debug|Win32
		{48AA4FF5-A2B0-4EF7-A6E1-5444EF8D05C8}.Release|x64.ActiveCfg = Release|x64
		{48AA4FF5-A2B0-4EF7-A6E1-5444EF8D05C8}.Release|x64.Build.0 = Release|x64
		{48AA4FF5-A2B0-4EF7-A6E1-5444EF8D05C8}.Release|x86.ActiveCfg = Release|Win32
		{48AA4FF5-A2B0-4EF7-A6E1-5444EF8D05C8}.Release|x86.Build.0 = Release|Win32
		{85805EAE-88ED-422A-98D6-B6961E3F030A}.Debug|x64.ActiveCfg = Debug|x64
		{85805EAE-88ED-422A-98D6-B6961E3F030A}.Debug|x64.Build.0 = Debug|x64
		{85805EAE-88ED-422A-98D6-B6961E3F030A}.Debug|x86.ActiveCfg = Debug|Win32
		{85805EAE-88ED-422A-98D6-B6961E3F030A}.Debug|x86.Build.0 = Debug|Win32
		{85805EAE-88ED-422A-98D6-B6961E3F030A}.Release|x64.ActiveCfg = Release|x64
		{85805EAE-88ED-422A-98D6-B6961E3F030A}.Release|x64.Build.0 = Release|x64
		{85805EAE-88ED-422A-98D6-B6961E3F030A}.Release|x86.ActiveCfg = Release|Win32
		{85805EAE-88ED-422A-98D6-B6961E3F030A}.Release|x86.Build.0 = Release|Win32
	EndGlobalSection
	GlobalSection(SolutionProperties) = preSolution
		HideSolutionNode = FALSE
	EndGlobalSection
EndGlobal
